
Microsoft Visual Studio Solution File, Format Version 12.00
# Visual Studio 2012
Project("{FAE04EC0-301F-11D3-BF4B-00C04F79EFBC}") = "Cshtmlpractise", "Cshtmlpractise\Cshtmlpractise.csproj", "{60BC0E22-62BB-4E8F-AECB-2E473AF73DD3}"
EndProject
Project("{FAE04EC0-301F-11D3-BF4B-00C04F79EFBC}") = "Cshtmlpractise.Tests", "Cshtmlpractise.Tests\Cshtmlpractise.Tests.csproj", "{F034250F-81A2-48FB-AA8C-32F7801085B3}"
EndProject
Global
	GlobalSection(SolutionConfigurationPlatforms) = preSolution
		Debug|Any CPU = Debug|Any CPU
		Release|Any CPU = Release|Any CPU
	EndGlobalSection
	GlobalSection(ProjectConfigurationPlatforms) = postSolution
		{60BC0E22-62BB-4E8F-AECB-2E473AF73DD3}.Debug|Any CPU.ActiveCfg = Debug|Any CPU
		{60BC0E22-62BB-4E8F-AECB-2E473AF73DD3}.Debug|Any CPU.Build.0 = Debug|Any CPU
		{60BC0E22-62BB-4E8F-AECB-2E473AF73DD3}.Release|Any CPU.ActiveCfg = Release|Any CPU
		{60BC0E22-62BB-4E8F-AECB-2E473AF73DD3}.Release|Any CPU.Build.0 = Release|Any CPU
		{F034250F-81A2-48FB-AA8C-32F7801085B3}.Debug|Any CPU.ActiveCfg = Debug|Any CPU
		{F034250F-81A2-48FB-AA8C-32F7801085B3}.Debug|Any CPU.Build.0 = Debug|Any CPU
		{F034250F-81A2-48FB-AA8C-32F7801085B3}.Release|Any CPU.ActiveCfg = Release|Any CPU
		{F034250F-81A2-48FB-AA8C-32F7801085B3}.Release|Any CPU.Build.0 = Release|Any CPU
	EndGlobalSection
	GlobalSection(SolutionProperties) = preSolution
		HideSolutionNode = FALSE
	EndGlobalSection
EndGlobal
